
Microsoft Visual Studio Solution File, Format Version 12.00
# Visual Studio Version 17
VisualStudioVersion = 17.7.34024.191
MinimumVisualStudioVersion = 10.0.40219.1
Project("{FAE04EC0-301F-11D3-BF4B-00C04F79EFBC}") = "Lab4", "Lab4\Lab4.csproj", "{60A42C44-3A65-4B25-AF02-922E3A50AA1B}"
EndProject
Project("{FAE04EC0-301F-11D3-BF4B-00C04F79EFBC}") = "TestProject1", "TestProject1\TestProject1.csproj", "{F365251C-D979-4D53-B08B-216B5DDB7AEA}"
EndProject
Global
	GlobalSection(SolutionConfigurationPlatforms) = preSolution
		Debug|Any CPU = Debug|Any CPU
		Release|Any CPU = Release|Any CPU
	EndGlobalSection
	GlobalSection(ProjectConfigurationPlatforms) = postSolution
		{60A42C44-3A65-4B25-AF02-922E3A50AA1B}.Debug|Any CPU.ActiveCfg = Debug|Any CPU
		{60A42C44-3A65-4B25-AF02-922E3A50AA1B}.Debug|Any CPU.Build.0 = Debug|Any CPU
		{60A42C44-3A65-4B25-AF02-922E3A50AA1B}.Release|Any CPU.ActiveCfg = Release|Any CPU
		{60A42C44-3A65-4B25-AF02-922E3A50AA1B}.Release|Any CPU.Build.0 = Release|Any CPU
		{F365251C-D979-4D53-B08B-216B5DDB7AEA}.Debug|Any CPU.ActiveCfg = Debug|Any CPU
		{F365251C-D979-4D53-B08B-216B5DDB7AEA}.Debug|Any CPU.Build.0 = Debug|Any CPU
		{F365251C-D979-4D53-B08B-216B5DDB7AEA}.Release|Any CPU.ActiveCfg = Release|Any CPU
		{F365251C-D979-4D53-B08B-216B5DDB7AEA}.Release|Any CPU.Build.0 = Release|Any CPU
	EndGlobalSection
	GlobalSection(SolutionProperties) = preSolution
		HideSolutionNode = FALSE
	EndGlobalSection
	GlobalSection(ExtensibilityGlobals) = postSolution
		SolutionGuid = {74361413-0310-4ADC-9700-250E63EEAB73}
	EndGlobalSection
EndGlobal
